// !$*UTF8*$!
{
	archiveVersion = 1;
	classes = {
	};
	objectVersion = 50;
	objects = {

/* Begin PBXBuildFile section */
		E592E49620F680DC006DBA90 /* AppDelegate.swift in Sources */ = {isa = PBXBuildFile; fileRef = E592E49520F680DC006DBA90 /* AppDelegate.swift */; };
		E592E49D20F680DE006DBA90 /* Assets.xcassets in Resources */ = {isa = PBXBuildFile; fileRef = E592E49C20F680DE006DBA90 /* Assets.xcassets */; };
		E592E4A020F680DE006DBA90 /* LaunchScreen.storyboard in Resources */ = {isa = PBXBuildFile; fileRef = E592E49E20F680DE006DBA90 /* LaunchScreen.storyboard */; };
		E592E4B220F6A15C006DBA90 /* NewsProj.xcdatamodeld in Sources */ = {isa = PBXBuildFile; fileRef = E592E4B020F6A15C006DBA90 /* NewsProj.xcdatamodeld */; };
		E592E4B520F6A377006DBA90 /* News+CoreDataClass.swift in Sources */ = {isa = PBXBuildFile; fileRef = E592E4B320F6A377006DBA90 /* News+CoreDataClass.swift */; };
		E592E4B620F6A377006DBA90 /* News+CoreDataProperties.swift in Sources */ = {isa = PBXBuildFile; fileRef = E592E4B420F6A377006DBA90 /* News+CoreDataProperties.swift */; };
		E592E4BB20F6A9AE006DBA90 /* WebRequestData.swift in Sources */ = {isa = PBXBuildFile; fileRef = E592E4BA20F6A9AE006DBA90 /* WebRequestData.swift */; };
		E592E4BE20F6AA41006DBA90 /* HTTPMethod.swift in Sources */ = {isa = PBXBuildFile; fileRef = E592E4BD20F6AA41006DBA90 /* HTTPMethod.swift */; };
		E592E4C020F6AAEC006DBA90 /* HTTPParametersEncoder.swift in Sources */ = {isa = PBXBuildFile; fileRef = E592E4BF20F6AAEC006DBA90 /* HTTPParametersEncoder.swift */; };
		E592E4CE20F76531006DBA90 /* ApplicationConstants.swift in Sources */ = {isa = PBXBuildFile; fileRef = E592E4CD20F76531006DBA90 /* ApplicationConstants.swift */; };
		E592E4D020F76776006DBA90 /* HTTPParameterEncodeError.swift in Sources */ = {isa = PBXBuildFile; fileRef = E592E4CF20F76776006DBA90 /* HTTPParameterEncodeError.swift */; };
		E592E4D420F78725006DBA90 /* NewsListServiceInput.swift in Sources */ = {isa = PBXBuildFile; fileRef = E592E4D320F78725006DBA90 /* NewsListServiceInput.swift */; };
		E592E4D620F7872F006DBA90 /* NewsListServiceOutput.swift in Sources */ = {isa = PBXBuildFile; fileRef = E592E4D520F7872F006DBA90 /* NewsListServiceOutput.swift */; };
		E592E4D820F7873C006DBA90 /* NewsListServiceImplementation.swift in Sources */ = {isa = PBXBuildFile; fileRef = E592E4D720F7873C006DBA90 /* NewsListServiceImplementation.swift */; };
		E592E4DA20F78745006DBA90 /* NewsListServiceAssembly.swift in Sources */ = {isa = PBXBuildFile; fileRef = E592E4D920F78745006DBA90 /* NewsListServiceAssembly.swift */; };
		E592E4E120F790E9006DBA90 /* URLRequestBuilder.swift in Sources */ = {isa = PBXBuildFile; fileRef = E592E4DD20F790E8006DBA90 /* URLRequestBuilder.swift */; };
		E592E4E220F790E9006DBA90 /* URLParameterEncoder.swift in Sources */ = {isa = PBXBuildFile; fileRef = E592E4DF20F790E8006DBA90 /* URLParameterEncoder.swift */; };
		E592E4E320F790E9006DBA90 /* JSONParameterEncoder.swift in Sources */ = {isa = PBXBuildFile; fileRef = E592E4E020F790E8006DBA90 /* JSONParameterEncoder.swift */; };
		E592E4E520F790F3006DBA90 /* NetworkComponent.swift in Sources */ = {isa = PBXBuildFile; fileRef = E592E4E420F790F3006DBA90 /* NetworkComponent.swift */; };
		E592E4E920F7D64E006DBA90 /* NewsListStoryboard.storyboard in Resources */ = {isa = PBXBuildFile; fileRef = E592E4E820F7D64E006DBA90 /* NewsListStoryboard.storyboard */; };
		E592E4EB20F7D67A006DBA90 /* NewsListStoryboardConstants.swift in Sources */ = {isa = PBXBuildFile; fileRef = E592E4EA20F7D67A006DBA90 /* NewsListStoryboardConstants.swift */; };
		E592E50720F7DB74006DBA90 /* NewsListViewOutput.swift in Sources */ = {isa = PBXBuildFile; fileRef = E592E4FE20F7DB74006DBA90 /* NewsListViewOutput.swift */; };
		E592E50820F7DB74006DBA90 /* NewsListModuleRouting.swift in Sources */ = {isa = PBXBuildFile; fileRef = E592E4FF20F7DB74006DBA90 /* NewsListModuleRouting.swift */; };
		E592E50920F7DB74006DBA90 /* NewsListViewInput.swift in Sources */ = {isa = PBXBuildFile; fileRef = E592E50020F7DB74006DBA90 /* NewsListViewInput.swift */; };
		E592E50A20F7DB74006DBA90 /* NewsListViewController.swift in Sources */ = {isa = PBXBuildFile; fileRef = E592E50120F7DB74006DBA90 /* NewsListViewController.swift */; };
		E592E50B20F7DB74006DBA90 /* NewsListModuleAssembly.swift in Sources */ = {isa = PBXBuildFile; fileRef = E592E50320F7DB74006DBA90 /* NewsListModuleAssembly.swift */; };
		E592E50C20F7DB74006DBA90 /* NewsListModuleInput.swift in Sources */ = {isa = PBXBuildFile; fileRef = E592E50520F7DB74006DBA90 /* NewsListModuleInput.swift */; };
		E592E50D20F7DB74006DBA90 /* NewsListPresenter.swift in Sources */ = {isa = PBXBuildFile; fileRef = E592E50620F7DB74006DBA90 /* NewsListPresenter.swift */; };
		E592E51320F7E2F4006DBA90 /* NewsPlainObject.swift in Sources */ = {isa = PBXBuildFile; fileRef = E592E50F20F7E2F4006DBA90 /* NewsPlainObject.swift */; };
		E592E51520F7E312006DBA90 /* NewsListRequestData.swift in Sources */ = {isa = PBXBuildFile; fileRef = E592E51420F7E312006DBA90 /* NewsListRequestData.swift */; };
		E592E51A20F7EC43006DBA90 /* NewsListCell.swift in Sources */ = {isa = PBXBuildFile; fileRef = E592E51820F7EC43006DBA90 /* NewsListCell.swift */; };
		E592E51B20F7EC43006DBA90 /* NewsListCell.xib in Resources */ = {isa = PBXBuildFile; fileRef = E592E51920F7EC43006DBA90 /* NewsListCell.xib */; };
/* End PBXBuildFile section */

/* Begin PBXFileReference section */
		E592E49220F680DC006DBA90 /* news-proj.app */ = {isa = PBXFileReference; explicitFileType = wrapper.application; includeInIndex = 0; path = "news-proj.app"; sourceTree = BUILT_PRODUCTS_DIR; };
		E592E49520F680DC006DBA90 /* AppDelegate.swift */ = {isa = PBXFileReference; lastKnownFileType = sourcecode.swift; path = AppDelegate.swift; sourceTree = "<group>"; };
		E592E49C20F680DE006DBA90 /* Assets.xcassets */ = {isa = PBXFileReference; lastKnownFileType = folder.assetcatalog; path = Assets.xcassets; sourceTree = "<group>"; };
		E592E49F20F680DE006DBA90 /* Base */ = {isa = PBXFileReference; lastKnownFileType = file.storyboard; name = Base; path = Base.lproj/LaunchScreen.storyboard; sourceTree = "<group>"; };
		E592E4A120F680DE006DBA90 /* Info.plist */ = {isa = PBXFileReference; lastKnownFileType = text.plist.xml; path = Info.plist; sourceTree = "<group>"; };
		E592E4B120F6A15C006DBA90 /* Model.xcdatamodel */ = {isa = PBXFileReference; lastKnownFileType = wrapper.xcdatamodel; path = Model.xcdatamodel; sourceTree = "<group>"; };
		E592E4B320F6A377006DBA90 /* News+CoreDataClass.swift */ = {isa = PBXFileReference; lastKnownFileType = sourcecode.swift; path = "News+CoreDataClass.swift"; sourceTree = "<group>"; };
		E592E4B420F6A377006DBA90 /* News+CoreDataProperties.swift */ = {isa = PBXFileReference; lastKnownFileType = sourcecode.swift; path = "News+CoreDataProperties.swift"; sourceTree = "<group>"; };
		E592E4BA20F6A9AE006DBA90 /* WebRequestData.swift */ = {isa = PBXFileReference; lastKnownFileType = sourcecode.swift; path = WebRequestData.swift; sourceTree = "<group>"; };
		E592E4BD20F6AA41006DBA90 /* HTTPMethod.swift */ = {isa = PBXFileReference; lastKnownFileType = sourcecode.swift; path = HTTPMethod.swift; sourceTree = "<group>"; };
		E592E4BF20F6AAEC006DBA90 /* HTTPParametersEncoder.swift */ = {isa = PBXFileReference; lastKnownFileType = sourcecode.swift; path = HTTPParametersEncoder.swift; sourceTree = "<group>"; };
		E592E4CD20F76531006DBA90 /* ApplicationConstants.swift */ = {isa = PBXFileReference; lastKnownFileType = sourcecode.swift; path = ApplicationConstants.swift; sourceTree = "<group>"; };
		E592E4CF20F76776006DBA90 /* HTTPParameterEncodeError.swift */ = {isa = PBXFileReference; lastKnownFileType = sourcecode.swift; path = HTTPParameterEncodeError.swift; sourceTree = "<group>"; };
		E592E4D320F78725006DBA90 /* NewsListServiceInput.swift */ = {isa = PBXFileReference; lastKnownFileType = sourcecode.swift; path = NewsListServiceInput.swift; sourceTree = "<group>"; };
		E592E4D520F7872F006DBA90 /* NewsListServiceOutput.swift */ = {isa = PBXFileReference; lastKnownFileType = sourcecode.swift; path = NewsListServiceOutput.swift; sourceTree = "<group>"; };
		E592E4D720F7873C006DBA90 /* NewsListServiceImplementation.swift */ = {isa = PBXFileReference; lastKnownFileType = sourcecode.swift; path = NewsListServiceImplementation.swift; sourceTree = "<group>"; };
		E592E4D920F78745006DBA90 /* NewsListServiceAssembly.swift */ = {isa = PBXFileReference; lastKnownFileType = sourcecode.swift; path = NewsListServiceAssembly.swift; sourceTree = "<group>"; };
		E592E4DD20F790E8006DBA90 /* URLRequestBuilder.swift */ = {isa = PBXFileReference; fileEncoding = 4; lastKnownFileType = sourcecode.swift; path = URLRequestBuilder.swift; sourceTree = "<group>"; };
		E592E4DF20F790E8006DBA90 /* URLParameterEncoder.swift */ = {isa = PBXFileReference; fileEncoding = 4; lastKnownFileType = sourcecode.swift; path = URLParameterEncoder.swift; sourceTree = "<group>"; };
		E592E4E020F790E8006DBA90 /* JSONParameterEncoder.swift */ = {isa = PBXFileReference; fileEncoding = 4; lastKnownFileType = sourcecode.swift; path = JSONParameterEncoder.swift; sourceTree = "<group>"; };
		E592E4E420F790F3006DBA90 /* NetworkComponent.swift */ = {isa = PBXFileReference; lastKnownFileType = sourcecode.swift; path = NetworkComponent.swift; sourceTree = "<group>"; };
		E592E4E820F7D64E006DBA90 /* NewsListStoryboard.storyboard */ = {isa = PBXFileReference; lastKnownFileType = file.storyboard; path = NewsListStoryboard.storyboard; sourceTree = "<group>"; };
		E592E4EA20F7D67A006DBA90 /* NewsListStoryboardConstants.swift */ = {isa = PBXFileReference; lastKnownFileType = sourcecode.swift; path = NewsListStoryboardConstants.swift; sourceTree = "<group>"; };
		E592E4FE20F7DB74006DBA90 /* NewsListViewOutput.swift */ = {isa = PBXFileReference; fileEncoding = 4; lastKnownFileType = sourcecode.swift; path = NewsListViewOutput.swift; sourceTree = "<group>"; };
		E592E4FF20F7DB74006DBA90 /* NewsListModuleRouting.swift */ = {isa = PBXFileReference; fileEncoding = 4; lastKnownFileType = sourcecode.swift; path = NewsListModuleRouting.swift; sourceTree = "<group>"; };
		E592E50020F7DB74006DBA90 /* NewsListViewInput.swift */ = {isa = PBXFileReference; fileEncoding = 4; lastKnownFileType = sourcecode.swift; path = NewsListViewInput.swift; sourceTree = "<group>"; };
		E592E50120F7DB74006DBA90 /* NewsListViewController.swift */ = {isa = PBXFileReference; fileEncoding = 4; lastKnownFileType = sourcecode.swift; path = NewsListViewController.swift; sourceTree = "<group>"; };
		E592E50320F7DB74006DBA90 /* NewsListModuleAssembly.swift */ = {isa = PBXFileReference; fileEncoding = 4; lastKnownFileType = sourcecode.swift; path = NewsListModuleAssembly.swift; sourceTree = "<group>"; };
		E592E50520F7DB74006DBA90 /* NewsListModuleInput.swift */ = {isa = PBXFileReference; fileEncoding = 4; lastKnownFileType = sourcecode.swift; path = NewsListModuleInput.swift; sourceTree = "<group>"; };
		E592E50620F7DB74006DBA90 /* NewsListPresenter.swift */ = {isa = PBXFileReference; fileEncoding = 4; lastKnownFileType = sourcecode.swift; path = NewsListPresenter.swift; sourceTree = "<group>"; };
		E592E50F20F7E2F4006DBA90 /* NewsPlainObject.swift */ = {isa = PBXFileReference; fileEncoding = 4; lastKnownFileType = sourcecode.swift; path = NewsPlainObject.swift; sourceTree = "<group>"; };
		E592E51420F7E312006DBA90 /* NewsListRequestData.swift */ = {isa = PBXFileReference; lastKnownFileType = sourcecode.swift; path = NewsListRequestData.swift; sourceTree = "<group>"; };
		E592E51820F7EC43006DBA90 /* NewsListCell.swift */ = {isa = PBXFileReference; lastKnownFileType = sourcecode.swift; path = NewsListCell.swift; sourceTree = "<group>"; };
		E592E51920F7EC43006DBA90 /* NewsListCell.xib */ = {isa = PBXFileReference; lastKnownFileType = file.xib; path = NewsListCell.xib; sourceTree = "<group>"; };
/* End PBXFileReference section */

/* Begin PBXFrameworksBuildPhase section */
		E592E48F20F680DC006DBA90 /* Frameworks */ = {
			isa = PBXFrameworksBuildPhase;
			buildActionMask = 2147483647;
			files = (
			);
			runOnlyForDeploymentPostprocessing = 0;
		};
/* End PBXFrameworksBuildPhase section */

/* Begin PBXGroup section */
		E592E48920F680DC006DBA90 = {
			isa = PBXGroup;
			children = (
				E592E49420F680DC006DBA90 /* news-proj */,
				E592E49320F680DC006DBA90 /* Products */,
			);
			sourceTree = "<group>";
		};
		E592E49320F680DC006DBA90 /* Products */ = {
			isa = PBXGroup;
			children = (
				E592E49220F680DC006DBA90 /* news-proj.app */,
			);
			name = Products;
			sourceTree = "<group>";
		};
		E592E49420F680DC006DBA90 /* news-proj */ = {
			isa = PBXGroup;
			children = (
				E592E4A720F6A11B006DBA90 /* Business Logic Layer */,
				E592E4A920F6A11B006DBA90 /* Core Layer */,
				E592E4AD20F6A11B006DBA90 /* Presentation Layer */,
				E592E4CD20F76531006DBA90 /* ApplicationConstants.swift */,
				E592E49520F680DC006DBA90 /* AppDelegate.swift */,
				E592E49C20F680DE006DBA90 /* Assets.xcassets */,
				E592E49E20F680DE006DBA90 /* LaunchScreen.storyboard */,
				E592E4A120F680DE006DBA90 /* Info.plist */,
			);
			path = "news-proj";
			sourceTree = "<group>";
		};
		E592E4A720F6A11B006DBA90 /* Business Logic Layer */ = {
			isa = PBXGroup;
			children = (
				E592E4D120F78717006DBA90 /* NewsDetailService */,
				E592E4D220F78717006DBA90 /* NewsListService */,
			);
			path = "Business Logic Layer";
			sourceTree = "<group>";
		};
		E592E4A920F6A11B006DBA90 /* Core Layer */ = {
			isa = PBXGroup;
			children = (
				E592E4AA20F6A11B006DBA90 /* Core Data */,
				E592E4AB20F6A11B006DBA90 /* Networking */,
				E592E4AC20F6A11B006DBA90 /* Models */,
			);
			path = "Core Layer";
			sourceTree = "<group>";
		};
		E592E4AA20F6A11B006DBA90 /* Core Data */ = {
			isa = PBXGroup;
			children = (
				E592E4AF20F6A150006DBA90 /* Classes */,
				E592E4B020F6A15C006DBA90 /* NewsProj.xcdatamodeld */,
			);
			path = "Core Data";
			sourceTree = "<group>";
		};
		E592E4AB20F6A11B006DBA90 /* Networking */ = {
			isa = PBXGroup;
			children = (
				E592E4B920F6A9A1006DBA90 /* Protocols */,
				E592E4BC20F6AA39006DBA90 /* Enums */,
				E592E4C120F6AE71006DBA90 /* Classes */,
			);
			path = Networking;
			sourceTree = "<group>";
		};
		E592E4AC20F6A11B006DBA90 /* Models */ = {
			isa = PBXGroup;
			children = (
				E592E51620F7EA88006DBA90 /* Network Response Objects */,
				E592E50E20F7E2F4006DBA90 /* Plain Objects */,
				E592E51020F7E2F4006DBA90 /* Request Data Objects */,
			);
			path = Models;
			sourceTree = "<group>";
		};
		E592E4AD20F6A11B006DBA90 /* Presentation Layer */ = {
			isa = PBXGroup;
			children = (
				E592E4E620F7D631006DBA90 /* NewsList */,
			);
			path = "Presentation Layer";
			sourceTree = "<group>";
		};
		E592E4AF20F6A150006DBA90 /* Classes */ = {
			isa = PBXGroup;
			children = (
				E592E4B320F6A377006DBA90 /* News+CoreDataClass.swift */,
				E592E4B420F6A377006DBA90 /* News+CoreDataProperties.swift */,
			);
			path = Classes;
			sourceTree = "<group>";
		};
		E592E4B920F6A9A1006DBA90 /* Protocols */ = {
			isa = PBXGroup;
			children = (
				E592E4BA20F6A9AE006DBA90 /* WebRequestData.swift */,
				E592E4BF20F6AAEC006DBA90 /* HTTPParametersEncoder.swift */,
			);
			path = Protocols;
			sourceTree = "<group>";
		};
		E592E4BC20F6AA39006DBA90 /* Enums */ = {
			isa = PBXGroup;
			children = (
				E592E4BD20F6AA41006DBA90 /* HTTPMethod.swift */,
				E592E4CF20F76776006DBA90 /* HTTPParameterEncodeError.swift */,
			);
			path = Enums;
			sourceTree = "<group>";
		};
		E592E4C120F6AE71006DBA90 /* Classes */ = {
			isa = PBXGroup;
			children = (
				E592E4DB20F790E8006DBA90 /* Network Component */,
				E592E4DC20F790E8006DBA90 /* Request Builder */,
			);
			path = Classes;
			sourceTree = "<group>";
		};
		E592E4D120F78717006DBA90 /* NewsDetailService */ = {
			isa = PBXGroup;
			children = (
			);
			path = NewsDetailService;
			sourceTree = "<group>";
		};
		E592E4D220F78717006DBA90 /* NewsListService */ = {
			isa = PBXGroup;
			children = (
				E592E4D320F78725006DBA90 /* NewsListServiceInput.swift */,
				E592E4D520F7872F006DBA90 /* NewsListServiceOutput.swift */,
				E592E4D720F7873C006DBA90 /* NewsListServiceImplementation.swift */,
				E592E4D920F78745006DBA90 /* NewsListServiceAssembly.swift */,
			);
			path = NewsListService;
			sourceTree = "<group>";
		};
		E592E4DB20F790E8006DBA90 /* Network Component */ = {
			isa = PBXGroup;
			children = (
				E592E4E420F790F3006DBA90 /* NetworkComponent.swift */,
			);
			path = "Network Component";
			sourceTree = "<group>";
		};
		E592E4DC20F790E8006DBA90 /* Request Builder */ = {
			isa = PBXGroup;
			children = (
				E592E4DD20F790E8006DBA90 /* URLRequestBuilder.swift */,
				E592E4DE20F790E8006DBA90 /* Encoders */,
			);
			path = "Request Builder";
			sourceTree = "<group>";
		};
		E592E4DE20F790E8006DBA90 /* Encoders */ = {
			isa = PBXGroup;
			children = (
				E592E4DF20F790E8006DBA90 /* URLParameterEncoder.swift */,
				E592E4E020F790E8006DBA90 /* JSONParameterEncoder.swift */,
			);
			path = Encoders;
			sourceTree = "<group>";
		};
		E592E4E620F7D631006DBA90 /* NewsList */ = {
			isa = PBXGroup;
			children = (
				E592E50220F7DB74006DBA90 /* Assembly */,
				E592E50420F7DB74006DBA90 /* Presenter */,
				E592E4FD20F7DB74006DBA90 /* View */,
				E592E4E720F7D643006DBA90 /* Storyboard */,
			);
			path = NewsList;
			sourceTree = "<group>";
		};
		E592E4E720F7D643006DBA90 /* Storyboard */ = {
			isa = PBXGroup;
			children = (
				E592E4E820F7D64E006DBA90 /* NewsListStoryboard.storyboard */,
				E592E4EA20F7D67A006DBA90 /* NewsListStoryboardConstants.swift */,
			);
			path = Storyboard;
			sourceTree = "<group>";
		};
		E592E4FD20F7DB74006DBA90 /* View */ = {
			isa = PBXGroup;
			children = (
				E592E51720F7EC2B006DBA90 /* NewsListCell */,
				E592E4FE20F7DB74006DBA90 /* NewsListViewOutput.swift */,
				E592E4FF20F7DB74006DBA90 /* NewsListModuleRouting.swift */,
				E592E50020F7DB74006DBA90 /* NewsListViewInput.swift */,
				E592E50120F7DB74006DBA90 /* NewsListViewController.swift */,
			);
			path = View;
			sourceTree = "<group>";
		};
		E592E50220F7DB74006DBA90 /* Assembly */ = {
			isa = PBXGroup;
			children = (
				E592E50320F7DB74006DBA90 /* NewsListModuleAssembly.swift */,
			);
			path = Assembly;
			sourceTree = "<group>";
		};
		E592E50420F7DB74006DBA90 /* Presenter */ = {
			isa = PBXGroup;
			children = (
				E592E50520F7DB74006DBA90 /* NewsListModuleInput.swift */,
				E592E50620F7DB74006DBA90 /* NewsListPresenter.swift */,
			);
			path = Presenter;
			sourceTree = "<group>";
		};
		E592E50E20F7E2F4006DBA90 /* Plain Objects */ = {
			isa = PBXGroup;
			children = (
				E592E50F20F7E2F4006DBA90 /* NewsPlainObject.swift */,
			);
			path = "Plain Objects";
			sourceTree = "<group>";
		};
		E592E51020F7E2F4006DBA90 /* Request Data Objects */ = {
			isa = PBXGroup;
			children = (
				E592E51120F7E2F4006DBA90 /* NewsDetail */,
				E592E51220F7E2F4006DBA90 /* NewsList */,
			);
			path = "Request Data Objects";
			sourceTree = "<group>";
		};
		E592E51120F7E2F4006DBA90 /* NewsDetail */ = {
			isa = PBXGroup;
			children = (
			);
			path = NewsDetail;
			sourceTree = "<group>";
		};
		E592E51220F7E2F4006DBA90 /* NewsList */ = {
			isa = PBXGroup;
			children = (
				E592E51420F7E312006DBA90 /* NewsListRequestData.swift */,
			);
			path = NewsList;
			sourceTree = "<group>";
		};
		E592E51620F7EA88006DBA90 /* Network Response Objects */ = {
			isa = PBXGroup;
			children = (
			);
			path = "Network Response Objects";
			sourceTree = "<group>";
		};
		E592E51720F7EC2B006DBA90 /* NewsListCell */ = {
			isa = PBXGroup;
			children = (
				E592E51820F7EC43006DBA90 /* NewsListCell.swift */,
				E592E51920F7EC43006DBA90 /* NewsListCell.xib */,
			);
			name = NewsListCell;
			path = Cells/NewsListCell;
			sourceTree = "<group>";
		};
/* End PBXGroup section */

/* Begin PBXNativeTarget section */
		E592E49120F680DC006DBA90 /* news-proj */ = {
			isa = PBXNativeTarget;
			buildConfigurationList = E592E4A420F680DE006DBA90 /* Build configuration list for PBXNativeTarget "news-proj" */;
			buildPhases = (
				E592E48E20F680DC006DBA90 /* Sources */,
				E592E48F20F680DC006DBA90 /* Frameworks */,
				E592E49020F680DC006DBA90 /* Resources */,
			);
			buildRules = (
			);
			dependencies = (
			);
			name = "news-proj";
			productName = "news-proj";
			productReference = E592E49220F680DC006DBA90 /* news-proj.app */;
			productType = "com.apple.product-type.application";
		};
/* End PBXNativeTarget section */

/* Begin PBXProject section */
		E592E48A20F680DC006DBA90 /* Project object */ = {
			isa = PBXProject;
			attributes = {
				LastSwiftUpdateCheck = 0940;
				LastUpgradeCheck = 0940;
				ORGANIZATIONNAME = "Евгений Иванов";
				TargetAttributes = {
					E592E49120F680DC006DBA90 = {
						CreatedOnToolsVersion = 9.4.1;
					};
				};
			};
			buildConfigurationList = E592E48D20F680DC006DBA90 /* Build configuration list for PBXProject "news-proj" */;
			compatibilityVersion = "Xcode 9.3";
			developmentRegion = en;
			hasScannedForEncodings = 0;
			knownRegions = (
				en,
				Base,
			);
			mainGroup = E592E48920F680DC006DBA90;
			productRefGroup = E592E49320F680DC006DBA90 /* Products */;
			projectDirPath = "";
			projectRoot = "";
			targets = (
				E592E49120F680DC006DBA90 /* news-proj */,
			);
		};
/* End PBXProject section */

/* Begin PBXResourcesBuildPhase section */
		E592E49020F680DC006DBA90 /* Resources */ = {
			isa = PBXResourcesBuildPhase;
			buildActionMask = 2147483647;
			files = (
				E592E4A020F680DE006DBA90 /* LaunchScreen.storyboard in Resources */,
				E592E49D20F680DE006DBA90 /* Assets.xcassets in Resources */,
				E592E51B20F7EC43006DBA90 /* NewsListCell.xib in Resources */,
				E592E4E920F7D64E006DBA90 /* NewsListStoryboard.storyboard in Resources */,
			);
			runOnlyForDeploymentPostprocessing = 0;
		};
/* End PBXResourcesBuildPhase section */

/* Begin PBXSourcesBuildPhase section */
		E592E48E20F680DC006DBA90 /* Sources */ = {
			isa = PBXSourcesBuildPhase;
			buildActionMask = 2147483647;
			files = (
				E592E50920F7DB74006DBA90 /* NewsListViewInput.swift in Sources */,
				E592E50720F7DB74006DBA90 /* NewsListViewOutput.swift in Sources */,
				E592E4D620F7872F006DBA90 /* NewsListServiceOutput.swift in Sources */,
				E592E4CE20F76531006DBA90 /* ApplicationConstants.swift in Sources */,
				E592E4BB20F6A9AE006DBA90 /* WebRequestData.swift in Sources */,
				E592E50820F7DB74006DBA90 /* NewsListModuleRouting.swift in Sources */,
				E592E4D020F76776006DBA90 /* HTTPParameterEncodeError.swift in Sources */,
				E592E4BE20F6AA41006DBA90 /* HTTPMethod.swift in Sources */,
				E592E4E520F790F3006DBA90 /* NetworkComponent.swift in Sources */,
				E592E50C20F7DB74006DBA90 /* NewsListModuleInput.swift in Sources */,
				E592E51A20F7EC43006DBA90 /* NewsListCell.swift in Sources */,
				E592E51520F7E312006DBA90 /* NewsListRequestData.swift in Sources */,
				E592E4D420F78725006DBA90 /* NewsListServiceInput.swift in Sources */,
				E592E4B620F6A377006DBA90 /* News+CoreDataProperties.swift in Sources */,
				E592E4E220F790E9006DBA90 /* URLParameterEncoder.swift in Sources */,
				E592E49620F680DC006DBA90 /* AppDelegate.swift in Sources */,
				E592E50B20F7DB74006DBA90 /* NewsListModuleAssembly.swift in Sources */,
				E592E4B220F6A15C006DBA90 /* NewsProj.xcdatamodeld in Sources */,
				E592E4C020F6AAEC006DBA90 /* HTTPParametersEncoder.swift in Sources */,
				E592E4E120F790E9006DBA90 /* URLRequestBuilder.swift in Sources */,
				E592E4B520F6A377006DBA90 /* News+CoreDataClass.swift in Sources */,
				E592E4E320F790E9006DBA90 /* JSONParameterEncoder.swift in Sources */,
				E592E50D20F7DB74006DBA90 /* NewsListPresenter.swift in Sources */,
				E592E50A20F7DB74006DBA90 /* NewsListViewController.swift in Sources */,
				E592E51320F7E2F4006DBA90 /* NewsPlainObject.swift in Sources */,
				E592E4EB20F7D67A006DBA90 /* NewsListStoryboardConstants.swift in Sources */,
				E592E4D820F7873C006DBA90 /* NewsListServiceImplementation.swift in Sources */,
				E592E4DA20F78745006DBA90 /* NewsListServiceAssembly.swift in Sources */,
			);
			runOnlyForDeploymentPostprocessing = 0;
		};
/* End PBXSourcesBuildPhase section */

/* Begin PBXVariantGroup section */
		E592E49E20F680DE006DBA90 /* LaunchScreen.storyboard */ = {
			isa = PBXVariantGroup;
			children = (
				E592E49F20F680DE006DBA90 /* Base */,
			);
			name = LaunchScreen.storyboard;
			sourceTree = "<group>";
		};
/* End PBXVariantGroup section */

/* Begin XCBuildConfiguration section */
		E592E4A220F680DE006DBA90 /* Debug */ = {
			isa = XCBuildConfiguration;
			buildSettings = {
				ALWAYS_SEARCH_USER_PATHS = NO;
				CLANG_ANALYZER_NONNULL = YES;
				CLANG_ANALYZER_NUMBER_OBJECT_CONVERSION = YES_AGGRESSIVE;
				CLANG_CXX_LANGUAGE_STANDARD = "gnu++14";
				CLANG_CXX_LIBRARY = "libc++";
				CLANG_ENABLE_MODULES = YES;
				CLANG_ENABLE_OBJC_ARC = YES;
				CLANG_ENABLE_OBJC_WEAK = YES;
				CLANG_WARN_BLOCK_CAPTURE_AUTORELEASING = YES;
				CLANG_WARN_BOOL_CONVERSION = YES;
				CLANG_WARN_COMMA = YES;
				CLANG_WARN_CONSTANT_CONVERSION = YES;
				CLANG_WARN_DEPRECATED_OBJC_IMPLEMENTATIONS = YES;
				CLANG_WARN_DIRECT_OBJC_ISA_USAGE = YES_ERROR;
				CLANG_WARN_DOCUMENTATION_COMMENTS = YES;
				CLANG_WARN_EMPTY_BODY = YES;
				CLANG_WARN_ENUM_CONVERSION = YES;
				CLANG_WARN_INFINITE_RECURSION = YES;
				CLANG_WARN_INT_CONVERSION = YES;
				CLANG_WARN_NON_LITERAL_NULL_CONVERSION = YES;
				CLANG_WARN_OBJC_IMPLICIT_RETAIN_SELF = YES;
				CLANG_WARN_OBJC_LITERAL_CONVERSION = YES;
				CLANG_WARN_OBJC_ROOT_CLASS = YES_ERROR;
				CLANG_WARN_RANGE_LOOP_ANALYSIS = YES;
				CLANG_WARN_STRICT_PROTOTYPES = YES;
				CLANG_WARN_SUSPICIOUS_MOVE = YES;
				CLANG_WARN_UNGUARDED_AVAILABILITY = YES_AGGRESSIVE;
				CLANG_WARN_UNREACHABLE_CODE = YES;
				CLANG_WARN__DUPLICATE_METHOD_MATCH = YES;
				CODE_SIGN_IDENTITY = "iPhone Developer";
				COPY_PHASE_STRIP = NO;
				DEBUG_INFORMATION_FORMAT = dwarf;
				ENABLE_STRICT_OBJC_MSGSEND = YES;
				ENABLE_TESTABILITY = YES;
				GCC_C_LANGUAGE_STANDARD = gnu11;
				GCC_DYNAMIC_NO_PIC = NO;
				GCC_NO_COMMON_BLOCKS = YES;
				GCC_OPTIMIZATION_LEVEL = 0;
				GCC_PREPROCESSOR_DEFINITIONS = (
					"DEBUG=1",
					"$(inherited)",
				);
				GCC_WARN_64_TO_32_BIT_CONVERSION = YES;
				GCC_WARN_ABOUT_RETURN_TYPE = YES_ERROR;
				GCC_WARN_UNDECLARED_SELECTOR = YES;
				GCC_WARN_UNINITIALIZED_AUTOS = YES_AGGRESSIVE;
				GCC_WARN_UNUSED_FUNCTION = YES;
				GCC_WARN_UNUSED_VARIABLE = YES;
				IPHONEOS_DEPLOYMENT_TARGET = 11.4;
				MTL_ENABLE_DEBUG_INFO = YES;
				ONLY_ACTIVE_ARCH = YES;
				SDKROOT = iphoneos;
				SWIFT_ACTIVE_COMPILATION_CONDITIONS = DEBUG;
				SWIFT_OPTIMIZATION_LEVEL = "-Onone";
			};
			name = Debug;
		};
		E592E4A320F680DE006DBA90 /* Release */ = {
			isa = XCBuildConfiguration;
			buildSettings = {
				ALWAYS_SEARCH_USER_PATHS = NO;
				CLANG_ANALYZER_NONNULL = YES;
				CLANG_ANALYZER_NUMBER_OBJECT_CONVERSION = YES_AGGRESSIVE;
				CLANG_CXX_LANGUAGE_STANDARD = "gnu++14";
				CLANG_CXX_LIBRARY = "libc++";
				CLANG_ENABLE_MODULES = YES;
				CLANG_ENABLE_OBJC_ARC = YES;
				CLANG_ENABLE_OBJC_WEAK = YES;
				CLANG_WARN_BLOCK_CAPTURE_AUTORELEASING = YES;
				CLANG_WARN_BOOL_CONVERSION = YES;
				CLANG_WARN_COMMA = YES;
				CLANG_WARN_CONSTANT_CONVERSION = YES;
				CLANG_WARN_DEPRECATED_OBJC_IMPLEMENTATIONS = YES;
				CLANG_WARN_DIRECT_OBJC_ISA_USAGE = YES_ERROR;
				CLANG_WARN_DOCUMENTATION_COMMENTS = YES;
				CLANG_WARN_EMPTY_BODY = YES;
				CLANG_WARN_ENUM_CONVERSION = YES;
				CLANG_WARN_INFINITE_RECURSION = YES;
				CLANG_WARN_INT_CONVERSION = YES;
				CLANG_WARN_NON_LITERAL_NULL_CONVERSION = YES;
				CLANG_WARN_OBJC_IMPLICIT_RETAIN_SELF = YES;
				CLANG_WARN_OBJC_LITERAL_CONVERSION = YES;
				CLANG_WARN_OBJC_ROOT_CLASS = YES_ERROR;
				CLANG_WARN_RANGE_LOOP_ANALYSIS = YES;
				CLANG_WARN_STRICT_PROTOTYPES = YES;
				CLANG_WARN_SUSPICIOUS_MOVE = YES;
				CLANG_WARN_UNGUARDED_AVAILABILITY = YES_AGGRESSIVE;
				CLANG_WARN_UNREACHABLE_CODE = YES;
				CLANG_WARN__DUPLICATE_METHOD_MATCH = YES;
				CODE_SIGN_IDENTITY = "iPhone Developer";
				COPY_PHASE_STRIP = NO;
				DEBUG_INFORMATION_FORMAT = "dwarf-with-dsym";
				ENABLE_NS_ASSERTIONS = NO;
				ENABLE_STRICT_OBJC_MSGSEND = YES;
				GCC_C_LANGUAGE_STANDARD = gnu11;
				GCC_NO_COMMON_BLOCKS = YES;
				GCC_WARN_64_TO_32_BIT_CONVERSION = YES;
				GCC_WARN_ABOUT_RETURN_TYPE = YES_ERROR;
				GCC_WARN_UNDECLARED_SELECTOR = YES;
				GCC_WARN_UNINITIALIZED_AUTOS = YES_AGGRESSIVE;
				GCC_WARN_UNUSED_FUNCTION = YES;
				GCC_WARN_UNUSED_VARIABLE = YES;
				IPHONEOS_DEPLOYMENT_TARGET = 11.4;
				MTL_ENABLE_DEBUG_INFO = NO;
				SDKROOT = iphoneos;
				SWIFT_COMPILATION_MODE = wholemodule;
				SWIFT_OPTIMIZATION_LEVEL = "-O";
				VALIDATE_PRODUCT = YES;
			};
			name = Release;
		};
		E592E4A520F680DE006DBA90 /* Debug */ = {
			isa = XCBuildConfiguration;
			buildSettings = {
				ASSETCATALOG_COMPILER_APPICON_NAME = AppIcon;
				CODE_SIGN_STYLE = Automatic;
				DEVELOPMENT_TEAM = 54GU5F9Z34;
				INFOPLIST_FILE = "news-proj/Info.plist";
				LD_RUNPATH_SEARCH_PATHS = (
					"$(inherited)",
					"@executable_path/Frameworks",
				);
				PRODUCT_BUNDLE_IDENTIFIER = "ru.eivanov.news-proj";
				PRODUCT_NAME = "$(TARGET_NAME)";
				SWIFT_VERSION = 4.0;
				TARGETED_DEVICE_FAMILY = "1,2";
			};
			name = Debug;
		};
		E592E4A620F680DE006DBA90 /* Release */ = {
			isa = XCBuildConfiguration;
			buildSettings = {
				ASSETCATALOG_COMPILER_APPICON_NAME = AppIcon;
				CODE_SIGN_STYLE = Automatic;
				DEVELOPMENT_TEAM = 54GU5F9Z34;
				INFOPLIST_FILE = "news-proj/Info.plist";
				LD_RUNPATH_SEARCH_PATHS = (
					"$(inherited)",
					"@executable_path/Frameworks",
				);
				PRODUCT_BUNDLE_IDENTIFIER = "ru.eivanov.news-proj";
				PRODUCT_NAME = "$(TARGET_NAME)";
				SWIFT_VERSION = 4.0;
				TARGETED_DEVICE_FAMILY = "1,2";
			};
			name = Release;
		};
/* End XCBuildConfiguration section */

/* Begin XCConfigurationList section */
		E592E48D20F680DC006DBA90 /* Build configuration list for PBXProject "news-proj" */ = {
			isa = XCConfigurationList;
			buildConfigurations = (
				E592E4A220F680DE006DBA90 /* Debug */,
				E592E4A320F680DE006DBA90 /* Release */,
			);
			defaultConfigurationIsVisible = 0;
			defaultConfigurationName = Release;
		};
		E592E4A420F680DE006DBA90 /* Build configuration list for PBXNativeTarget "news-proj" */ = {
			isa = XCConfigurationList;
			buildConfigurations = (
				E592E4A520F680DE006DBA90 /* Debug */,
				E592E4A620F680DE006DBA90 /* Release */,
			);
			defaultConfigurationIsVisible = 0;
			defaultConfigurationName = Release;
		};
/* End XCConfigurationList section */

/* Begin XCVersionGroup section */
		E592E4B020F6A15C006DBA90 /* NewsProj.xcdatamodeld */ = {
			isa = XCVersionGroup;
			children = (
				E592E4B120F6A15C006DBA90 /* Model.xcdatamodel */,
			);
			currentVersion = E592E4B120F6A15C006DBA90 /* Model.xcdatamodel */;
			path = NewsProj.xcdatamodeld;
			sourceTree = "<group>";
			versionGroupType = wrapper.xcdatamodel;
		};
/* End XCVersionGroup section */
	};
	rootObject = E592E48A20F680DC006DBA90 /* Project object */;
}
